
Microsoft Visual Studio Solution File, Format Version 12.00
# Visual Studio Version 16
VisualStudioVersion = 16.0.31005.135
MinimumVisualStudioVersion = 10.0.40219.1
Project("{8BC9CEB8-8B4A-11D0-8D11-00A0C91BC942}") = "7DTD", "7DTD\7DTD.vcxproj", "{F66B5213-2AD7-4FCD-8EE5-3CCB4192EFAE}"
EndProject
Global
	GlobalSection(SolutionConfigurationPlatforms) = preSolution
		Debug|x64 = Debug|x64
		Debug|x86 = Debug|x86
		Release|x64 = Release|x64
		Release|x86 = Release|x86
	EndGlobalSection
	GlobalSection(ProjectConfigurationPlatforms) = postSolution
		{F66B5213-2AD7-4FCD-8EE5-3CCB4192EFAE}.Debug|x64.ActiveCfg = Debug|x64
		{F66B5213-2AD7-4FCD-8EE5-3CCB4192EFAE}.Debug|x64.Build.0 = Debug|x64
		{F66B5213-2AD7-4FCD-8EE5-3CCB4192EFAE}.Debug|x86.ActiveCfg = Debug|Win32
		{F66B5213-2AD7-4FCD-8EE5-3CCB4192EFAE}.Debug|x86.Build.0 = Debug|Win32
		{F66B5213-2AD7-4FCD-8EE5-3CCB4192EFAE}.Release|x64.ActiveCfg = Release|x64
		{F66B5213-2AD7-4FCD-8EE5-3CCB4192EFAE}.Release|x64.Build.0 = Release|x64
		{F66B5213-2AD7-4FCD-8EE5-3CCB4192EFAE}.Release|x86.ActiveCfg = Release|Win32
		{F66B5213-2AD7-4FCD-8EE5-3CCB4192EFAE}.Release|x86.Build.0 = Release|Win32
	EndGlobalSection
	GlobalSection(SolutionProperties) = preSolution
		HideSolutionNode = FALSE
	EndGlobalSection
	GlobalSection(ExtensibilityGlobals) = postSolution
		SolutionGuid = {9B2EC572-42C2-4E19-9C8E-B4ED84DAE1AB}
	EndGlobalSection
EndGlobal
